// !$*UTF8*$!
{
	archiveVersion = 1;
	classes = {
	};
	objectVersion = 51;
	objects = {

/* Begin PBXBuildFile section */
		08BD4A27C0CCDBF9D7F0219E /* Pods_Proxima.framework in Frameworks */ = {isa = PBXBuildFile; fileRef = D51E8AB8F37A236B4607B209 /* Pods_Proxima.framework */; };
		4409D34A25B7D55900AFBEA4 /* AccountSetupViewController.swift in Sources */ = {isa = PBXBuildFile; fileRef = 4409D34925B7D55900AFBEA4 /* AccountSetupViewController.swift */; };
		44360CE52597E0AD00F1AA04 /* LeaderboardTableViewController.swift in Sources */ = {isa = PBXBuildFile; fileRef = 44360CE42597E0AD00F1AA04 /* LeaderboardTableViewController.swift */; };
		4437AA56257CA15400A85F6A /* MapViewController.swift in Sources */ = {isa = PBXBuildFile; fileRef = 4437AA55257CA15400A85F6A /* MapViewController.swift */; };
		44414C0D2583183F00799783 /* Pin-Square.png in Resources */ = {isa = PBXBuildFile; fileRef = 44414C0C2583183F00799783 /* Pin-Square.png */; };
		444EA77A257D894400C31CDB /* Proxima-Icon.png in Resources */ = {isa = PBXBuildFile; fileRef = 444EA779257D894400C31CDB /* Proxima-Icon.png */; };
		444EA77F257D8AC100C31CDB /* Pin.png in Resources */ = {isa = PBXBuildFile; fileRef = 444EA77E257D8AC100C31CDB /* Pin.png */; };
		446666C125916CA000EBFBE8 /* keys.plist in Resources */ = {isa = PBXBuildFile; fileRef = 446666C025916CA000EBFBE8 /* keys.plist */; };
		446E787925946FB900D0DEA7 /* FeedViewController.swift in Sources */ = {isa = PBXBuildFile; fileRef = 446E787825946FB900D0DEA7 /* FeedViewController.swift */; };
		44704B2625B914A9009E11E7 /* InfoViewController.swift in Sources */ = {isa = PBXBuildFile; fileRef = 44704B2525B914A9009E11E7 /* InfoViewController.swift */; };
		4473A491257C508F00C1BB96 /* LocationViewController.swift in Sources */ = {isa = PBXBuildFile; fileRef = 4473A490257C508F00C1BB96 /* LocationViewController.swift */; };
		44C47F902565F6D200713672 /* AppDelegate.swift in Sources */ = {isa = PBXBuildFile; fileRef = 44C47F8F2565F6D200713672 /* AppDelegate.swift */; };
		44C47F922565F6D200713672 /* SceneDelegate.swift in Sources */ = {isa = PBXBuildFile; fileRef = 44C47F912565F6D200713672 /* SceneDelegate.swift */; };
		44C47F972565F6D200713672 /* Main.storyboard in Resources */ = {isa = PBXBuildFile; fileRef = 44C47F952565F6D200713672 /* Main.storyboard */; };
		44C47F992565F6D300713672 /* Assets.xcassets in Resources */ = {isa = PBXBuildFile; fileRef = 44C47F982565F6D300713672 /* Assets.xcassets */; };
		44C47F9C2565F6D300713672 /* LaunchScreen.storyboard in Resources */ = {isa = PBXBuildFile; fileRef = 44C47F9A2565F6D300713672 /* LaunchScreen.storyboard */; };
		44C47FA72565F6D300713672 /* ProximaTests.swift in Sources */ = {isa = PBXBuildFile; fileRef = 44C47FA62565F6D300713672 /* ProximaTests.swift */; };
		44C47FB22565F6D300713672 /* ProximaUITests.swift in Sources */ = {isa = PBXBuildFile; fileRef = 44C47FB12565F6D300713672 /* ProximaUITests.swift */; };
		44D782EF2575B5A700BFBEA5 /* AddLocationViewController.swift in Sources */ = {isa = PBXBuildFile; fileRef = 44D782EE2575B5A700BFBEA5 /* AddLocationViewController.swift */; };
		B27F67BF257436F500712650 /* ProfileViewController.swift in Sources */ = {isa = PBXBuildFile; fileRef = B27F67BE257436F400712650 /* ProfileViewController.swift */; };
		B27F67D12574592D00712650 /* LocationHorizontalCell.swift in Sources */ = {isa = PBXBuildFile; fileRef = B27F67D02574592D00712650 /* LocationHorizontalCell.swift */; };
		B2985895256AA41D00E87A7E /* FeedViewCell.swift in Sources */ = {isa = PBXBuildFile; fileRef = B2985894256AA41D00E87A7E /* FeedViewCell.swift */; };
		B29858AC256AB59200E87A7E /* LoginViewController.swift in Sources */ = {isa = PBXBuildFile; fileRef = B29858AB256AB59200E87A7E /* LoginViewController.swift */; };
		B29858B6256AB6EC00E87A7E /* LeaderboardCell.swift in Sources */ = {isa = PBXBuildFile; fileRef = B29858B5256AB6EC00E87A7E /* LeaderboardCell.swift */; };
/* End PBXBuildFile section */

/* Begin PBXContainerItemProxy section */
		44C47FA32565F6D300713672 /* PBXContainerItemProxy */ = {
			isa = PBXContainerItemProxy;
			containerPortal = 44C47F842565F6D200713672 /* Project object */;
			proxyType = 1;
			remoteGlobalIDString = 44C47F8B2565F6D200713672;
			remoteInfo = Proxima;
		};
		44C47FAE2565F6D300713672 /* PBXContainerItemProxy */ = {
			isa = PBXContainerItemProxy;
			containerPortal = 44C47F842565F6D200713672 /* Project object */;
			proxyType = 1;
			remoteGlobalIDString = 44C47F8B2565F6D200713672;
			remoteInfo = Proxima;
		};
/* End PBXContainerItemProxy section */

/* Begin PBXFileReference section */
		4409D34525B79D6A00AFBEA4 /* Proxima.entitlements */ = {isa = PBXFileReference; lastKnownFileType = text.plist.entitlements; path = Proxima.entitlements; sourceTree = "<group>"; };
		4409D34925B7D55900AFBEA4 /* AccountSetupViewController.swift */ = {isa = PBXFileReference; lastKnownFileType = sourcecode.swift; path = AccountSetupViewController.swift; sourceTree = "<group>"; };
		44360CE42597E0AD00F1AA04 /* LeaderboardTableViewController.swift */ = {isa = PBXFileReference; lastKnownFileType = sourcecode.swift; path = LeaderboardTableViewController.swift; sourceTree = "<group>"; };
		4437AA55257CA15400A85F6A /* MapViewController.swift */ = {isa = PBXFileReference; lastKnownFileType = sourcecode.swift; path = MapViewController.swift; sourceTree = "<group>"; };
		44414C0C2583183F00799783 /* Pin-Square.png */ = {isa = PBXFileReference; lastKnownFileType = image.png; name = "Pin-Square.png"; path = "Proxima/Images/Pin-Square.png"; sourceTree = SOURCE_ROOT; };
		444EA779257D894400C31CDB /* Proxima-Icon.png */ = {isa = PBXFileReference; lastKnownFileType = image.png; name = "Proxima-Icon.png"; path = "Proxima/Images/Proxima-Icon.png"; sourceTree = SOURCE_ROOT; };
		444EA77E257D8AC100C31CDB /* Pin.png */ = {isa = PBXFileReference; lastKnownFileType = image.png; name = Pin.png; path = Proxima/Images/Pin.png; sourceTree = SOURCE_ROOT; };
		446666C025916CA000EBFBE8 /* keys.plist */ = {isa = PBXFileReference; lastKnownFileType = text.plist.xml; path = keys.plist; sourceTree = "<group>"; };
		446E787825946FB900D0DEA7 /* FeedViewController.swift */ = {isa = PBXFileReference; lastKnownFileType = sourcecode.swift; path = FeedViewController.swift; sourceTree = "<group>"; };
		44704B2525B914A9009E11E7 /* InfoViewController.swift */ = {isa = PBXFileReference; lastKnownFileType = sourcecode.swift; path = InfoViewController.swift; sourceTree = "<group>"; };
		4473A490257C508F00C1BB96 /* LocationViewController.swift */ = {isa = PBXFileReference; lastKnownFileType = sourcecode.swift; path = LocationViewController.swift; sourceTree = "<group>"; };
		44C47F8C2565F6D200713672 /* Proxima.app */ = {isa = PBXFileReference; explicitFileType = wrapper.application; includeInIndex = 0; path = Proxima.app; sourceTree = BUILT_PRODUCTS_DIR; };
		44C47F8F2565F6D200713672 /* AppDelegate.swift */ = {isa = PBXFileReference; lastKnownFileType = sourcecode.swift; path = AppDelegate.swift; sourceTree = "<group>"; };
		44C47F912565F6D200713672 /* SceneDelegate.swift */ = {isa = PBXFileReference; lastKnownFileType = sourcecode.swift; path = SceneDelegate.swift; sourceTree = "<group>"; };
		44C47F962565F6D200713672 /* Base */ = {isa = PBXFileReference; lastKnownFileType = file.storyboard; name = Base; path = Base.lproj/Main.storyboard; sourceTree = "<group>"; };
		44C47F982565F6D300713672 /* Assets.xcassets */ = {isa = PBXFileReference; lastKnownFileType = folder.assetcatalog; path = Assets.xcassets; sourceTree = "<group>"; };
		44C47F9B2565F6D300713672 /* Base */ = {isa = PBXFileReference; lastKnownFileType = file.storyboard; name = Base; path = Base.lproj/LaunchScreen.storyboard; sourceTree = "<group>"; };
		44C47F9D2565F6D300713672 /* Info.plist */ = {isa = PBXFileReference; lastKnownFileType = text.plist.xml; path = Info.plist; sourceTree = "<group>"; };
		44C47FA22565F6D300713672 /* ProximaTests.xctest */ = {isa = PBXFileReference; explicitFileType = wrapper.cfbundle; includeInIndex = 0; path = ProximaTests.xctest; sourceTree = BUILT_PRODUCTS_DIR; };
		44C47FA62565F6D300713672 /* ProximaTests.swift */ = {isa = PBXFileReference; lastKnownFileType = sourcecode.swift; path = ProximaTests.swift; sourceTree = "<group>"; };
		44C47FA82565F6D300713672 /* Info.plist */ = {isa = PBXFileReference; lastKnownFileType = text.plist.xml; path = Info.plist; sourceTree = "<group>"; };
		44C47FAD2565F6D300713672 /* ProximaUITests.xctest */ = {isa = PBXFileReference; explicitFileType = wrapper.cfbundle; includeInIndex = 0; path = ProximaUITests.xctest; sourceTree = BUILT_PRODUCTS_DIR; };
		44C47FB12565F6D300713672 /* ProximaUITests.swift */ = {isa = PBXFileReference; lastKnownFileType = sourcecode.swift; path = ProximaUITests.swift; sourceTree = "<group>"; };
		44C47FB32565F6D300713672 /* Info.plist */ = {isa = PBXFileReference; lastKnownFileType = text.plist.xml; path = Info.plist; sourceTree = "<group>"; };
		44D782EE2575B5A700BFBEA5 /* AddLocationViewController.swift */ = {isa = PBXFileReference; lastKnownFileType = sourcecode.swift; path = AddLocationViewController.swift; sourceTree = "<group>"; };
		6DC43EEA21538EA559720F7A /* Pods-Proxima.release.xcconfig */ = {isa = PBXFileReference; includeInIndex = 1; lastKnownFileType = text.xcconfig; name = "Pods-Proxima.release.xcconfig"; path = "Target Support Files/Pods-Proxima/Pods-Proxima.release.xcconfig"; sourceTree = "<group>"; };
		A535E1B88D34273D271443B0 /* Pods-Proxima.debug.xcconfig */ = {isa = PBXFileReference; includeInIndex = 1; lastKnownFileType = text.xcconfig; name = "Pods-Proxima.debug.xcconfig"; path = "Target Support Files/Pods-Proxima/Pods-Proxima.debug.xcconfig"; sourceTree = "<group>"; };
		B27F67BE257436F400712650 /* ProfileViewController.swift */ = {isa = PBXFileReference; lastKnownFileType = sourcecode.swift; path = ProfileViewController.swift; sourceTree = "<group>"; };
		B27F67D02574592D00712650 /* LocationHorizontalCell.swift */ = {isa = PBXFileReference; lastKnownFileType = sourcecode.swift; path = LocationHorizontalCell.swift; sourceTree = "<group>"; };
		B2985894256AA41D00E87A7E /* FeedViewCell.swift */ = {isa = PBXFileReference; lastKnownFileType = sourcecode.swift; path = FeedViewCell.swift; sourceTree = "<group>"; };
		B29858AB256AB59200E87A7E /* LoginViewController.swift */ = {isa = PBXFileReference; lastKnownFileType = sourcecode.swift; path = LoginViewController.swift; sourceTree = "<group>"; };
		B29858B5256AB6EC00E87A7E /* LeaderboardCell.swift */ = {isa = PBXFileReference; lastKnownFileType = sourcecode.swift; path = LeaderboardCell.swift; sourceTree = "<group>"; };
		D51E8AB8F37A236B4607B209 /* Pods_Proxima.framework */ = {isa = PBXFileReference; explicitFileType = wrapper.framework; includeInIndex = 0; path = Pods_Proxima.framework; sourceTree = BUILT_PRODUCTS_DIR; };
/* End PBXFileReference section */

/* Begin PBXFrameworksBuildPhase section */
		44C47F892565F6D200713672 /* Frameworks */ = {
			isa = PBXFrameworksBuildPhase;
			buildActionMask = 2147483647;
			files = (
				08BD4A27C0CCDBF9D7F0219E /* Pods_Proxima.framework in Frameworks */,
			);
			runOnlyForDeploymentPostprocessing = 0;
		};
		44C47F9F2565F6D300713672 /* Frameworks */ = {
			isa = PBXFrameworksBuildPhase;
			buildActionMask = 2147483647;
			files = (
			);
			runOnlyForDeploymentPostprocessing = 0;
		};
		44C47FAA2565F6D300713672 /* Frameworks */ = {
			isa = PBXFrameworksBuildPhase;
			buildActionMask = 2147483647;
			files = (
			);
			runOnlyForDeploymentPostprocessing = 0;
		};
/* End PBXFrameworksBuildPhase section */

/* Begin PBXGroup section */
		15A03FB79C0EFC44D239195D /* Pods */ = {
			isa = PBXGroup;
			children = (
				A535E1B88D34273D271443B0 /* Pods-Proxima.debug.xcconfig */,
				6DC43EEA21538EA559720F7A /* Pods-Proxima.release.xcconfig */,
			);
			path = Pods;
			sourceTree = "<group>";
		};
		44C47F832565F6D200713672 = {
			isa = PBXGroup;
			children = (
				446666C025916CA000EBFBE8 /* keys.plist */,
				44C47F8E2565F6D200713672 /* Proxima */,
				44C47FA52565F6D300713672 /* ProximaTests */,
				44C47FB02565F6D300713672 /* ProximaUITests */,
				44C47F8D2565F6D200713672 /* Products */,
				15A03FB79C0EFC44D239195D /* Pods */,
				E9051E4D823D0EB579D09C0D /* Frameworks */,
			);
			sourceTree = "<group>";
		};
		44C47F8D2565F6D200713672 /* Products */ = {
			isa = PBXGroup;
			children = (
				44C47F8C2565F6D200713672 /* Proxima.app */,
				44C47FA22565F6D300713672 /* ProximaTests.xctest */,
				44C47FAD2565F6D300713672 /* ProximaUITests.xctest */,
			);
			name = Products;
			sourceTree = "<group>";
		};
		44C47F8E2565F6D200713672 /* Proxima */ = {
			isa = PBXGroup;
			children = (
				4409D34525B79D6A00AFBEA4 /* Proxima.entitlements */,
				44DEB27C2585EBD2004B7486 /* Location */,
				44DEB27B2585EB94004B7486 /* Account */,
				44DEB2762585EB46004B7486 /* Profile */,
				44DEB2752585EB2A004B7486 /* Leaderboard */,
				44DEB2742585EAF6004B7486 /* Feed */,
				44DEB2732585EAEC004B7486 /* Map */,
				44C47F912565F6D200713672 /* SceneDelegate.swift */,
				44C47F8F2565F6D200713672 /* AppDelegate.swift */,
				44C47F952565F6D200713672 /* Main.storyboard */,
				44C47F9A2565F6D300713672 /* LaunchScreen.storyboard */,
				44C47F9D2565F6D300713672 /* Info.plist */,
				44DEB27D2585EBFC004B7486 /* Images */,
				44C47F982565F6D300713672 /* Assets.xcassets */,
				44704B2525B914A9009E11E7 /* InfoViewController.swift */,
			);
			path = Proxima;
			sourceTree = "<group>";
		};
		44C47FA52565F6D300713672 /* ProximaTests */ = {
			isa = PBXGroup;
			children = (
				44C47FA62565F6D300713672 /* ProximaTests.swift */,
				44C47FA82565F6D300713672 /* Info.plist */,
			);
			path = ProximaTests;
			sourceTree = "<group>";
		};
		44C47FB02565F6D300713672 /* ProximaUITests */ = {
			isa = PBXGroup;
			children = (
				44C47FB12565F6D300713672 /* ProximaUITests.swift */,
				44C47FB32565F6D300713672 /* Info.plist */,
			);
			path = ProximaUITests;
			sourceTree = "<group>";
		};
		44DEB2732585EAEC004B7486 /* Map */ = {
			isa = PBXGroup;
			children = (
				4437AA55257CA15400A85F6A /* MapViewController.swift */,
			);
			path = Map;
			sourceTree = "<group>";
		};
		44DEB2742585EAF6004B7486 /* Feed */ = {
			isa = PBXGroup;
			children = (
				B2985894256AA41D00E87A7E /* FeedViewCell.swift */,
				446E787825946FB900D0DEA7 /* FeedViewController.swift */,
			);
			path = Feed;
			sourceTree = "<group>";
		};
		44DEB2752585EB2A004B7486 /* Leaderboard */ = {
			isa = PBXGroup;
			children = (
				B29858B5256AB6EC00E87A7E /* LeaderboardCell.swift */,
				44360CE42597E0AD00F1AA04 /* LeaderboardTableViewController.swift */,
			);
			path = Leaderboard;
			sourceTree = "<group>";
		};
		44DEB2762585EB46004B7486 /* Profile */ = {
			isa = PBXGroup;
			children = (
				B27F67BE257436F400712650 /* ProfileViewController.swift */,
				B27F67D02574592D00712650 /* LocationHorizontalCell.swift */,
			);
			path = Profile;
			sourceTree = "<group>";
		};
		44DEB27B2585EB94004B7486 /* Account */ = {
			isa = PBXGroup;
			children = (
				B29858AB256AB59200E87A7E /* LoginViewController.swift */,
				4409D34925B7D55900AFBEA4 /* AccountSetupViewController.swift */,
			);
			path = Account;
			sourceTree = "<group>";
		};
		44DEB27C2585EBD2004B7486 /* Location */ = {
			isa = PBXGroup;
			children = (
				44D782EE2575B5A700BFBEA5 /* AddLocationViewController.swift */,
				4473A490257C508F00C1BB96 /* LocationViewController.swift */,
			);
			path = Location;
			sourceTree = "<group>";
		};
		44DEB27D2585EBFC004B7486 /* Images */ = {
			isa = PBXGroup;
			children = (
				444EA779257D894400C31CDB /* Proxima-Icon.png */,
				44414C0C2583183F00799783 /* Pin-Square.png */,
				444EA77E257D8AC100C31CDB /* Pin.png */,
			);
			path = Images;
			sourceTree = "<group>";
		};
		E9051E4D823D0EB579D09C0D /* Frameworks */ = {
			isa = PBXGroup;
			children = (
				D51E8AB8F37A236B4607B209 /* Pods_Proxima.framework */,
			);
			name = Frameworks;
			sourceTree = "<group>";
		};
/* End PBXGroup section */

/* Begin PBXNativeTarget section */
		44C47F8B2565F6D200713672 /* Proxima */ = {
			isa = PBXNativeTarget;
			buildConfigurationList = 44C47FB62565F6D300713672 /* Build configuration list for PBXNativeTarget "Proxima" */;
			buildPhases = (
				E38BBA053B5A668B10AD4D55 /* [CP] Check Pods Manifest.lock */,
				44C47F882565F6D200713672 /* Sources */,
				44C47F892565F6D200713672 /* Frameworks */,
				44C47F8A2565F6D200713672 /* Resources */,
				98700DC70ADF3F33CB1FF021 /* [CP] Embed Pods Frameworks */,
			);
			buildRules = (
			);
			dependencies = (
			);
			name = Proxima;
			productName = Proxima;
			productReference = 44C47F8C2565F6D200713672 /* Proxima.app */;
			productType = "com.apple.product-type.application";
		};
		44C47FA12565F6D300713672 /* ProximaTests */ = {
			isa = PBXNativeTarget;
			buildConfigurationList = 44C47FB92565F6D300713672 /* Build configuration list for PBXNativeTarget "ProximaTests" */;
			buildPhases = (
				44C47F9E2565F6D300713672 /* Sources */,
				44C47F9F2565F6D300713672 /* Frameworks */,
				44C47FA02565F6D300713672 /* Resources */,
			);
			buildRules = (
			);
			dependencies = (
				44C47FA42565F6D300713672 /* PBXTargetDependency */,
			);
			name = ProximaTests;
			productName = ProximaTests;
			productReference = 44C47FA22565F6D300713672 /* ProximaTests.xctest */;
			productType = "com.apple.product-type.bundle.unit-test";
		};
		44C47FAC2565F6D300713672 /* ProximaUITests */ = {
			isa = PBXNativeTarget;
			buildConfigurationList = 44C47FBC2565F6D300713672 /* Build configuration list for PBXNativeTarget "ProximaUITests" */;
			buildPhases = (
				44C47FA92565F6D300713672 /* Sources */,
				44C47FAA2565F6D300713672 /* Frameworks */,
				44C47FAB2565F6D300713672 /* Resources */,
			);
			buildRules = (
			);
			dependencies = (
				44C47FAF2565F6D300713672 /* PBXTargetDependency */,
			);
			name = ProximaUITests;
			productName = ProximaUITests;
			productReference = 44C47FAD2565F6D300713672 /* ProximaUITests.xctest */;
			productType = "com.apple.product-type.bundle.ui-testing";
		};
/* End PBXNativeTarget section */

/* Begin PBXProject section */
		44C47F842565F6D200713672 /* Project object */ = {
			isa = PBXProject;
			attributes = {
				LastSwiftUpdateCheck = 1220;
				LastUpgradeCheck = 1220;
				TargetAttributes = {
					44C47F8B2565F6D200713672 = {
						CreatedOnToolsVersion = 12.2;
					};
					44C47FA12565F6D300713672 = {
						CreatedOnToolsVersion = 12.2;
						TestTargetID = 44C47F8B2565F6D200713672;
					};
					44C47FAC2565F6D300713672 = {
						CreatedOnToolsVersion = 12.2;
						TestTargetID = 44C47F8B2565F6D200713672;
					};
				};
			};
			buildConfigurationList = 44C47F872565F6D200713672 /* Build configuration list for PBXProject "Proxima" */;
			compatibilityVersion = "Xcode 9.3";
			developmentRegion = en;
			hasScannedForEncodings = 0;
			knownRegions = (
				en,
				Base,
			);
			mainGroup = 44C47F832565F6D200713672;
			productRefGroup = 44C47F8D2565F6D200713672 /* Products */;
			projectDirPath = "";
			projectRoot = "";
			targets = (
				44C47F8B2565F6D200713672 /* Proxima */,
				44C47FA12565F6D300713672 /* ProximaTests */,
				44C47FAC2565F6D300713672 /* ProximaUITests */,
			);
		};
/* End PBXProject section */

/* Begin PBXResourcesBuildPhase section */
		44C47F8A2565F6D200713672 /* Resources */ = {
			isa = PBXResourcesBuildPhase;
			buildActionMask = 2147483647;
			files = (
				446666C125916CA000EBFBE8 /* keys.plist in Resources */,
				44C47F9C2565F6D300713672 /* LaunchScreen.storyboard in Resources */,
				444EA77F257D8AC100C31CDB /* Pin.png in Resources */,
				44414C0D2583183F00799783 /* Pin-Square.png in Resources */,
				444EA77A257D894400C31CDB /* Proxima-Icon.png in Resources */,
				44C47F992565F6D300713672 /* Assets.xcassets in Resources */,
				44C47F972565F6D200713672 /* Main.storyboard in Resources */,
			);
			runOnlyForDeploymentPostprocessing = 0;
		};
		44C47FA02565F6D300713672 /* Resources */ = {
			isa = PBXResourcesBuildPhase;
			buildActionMask = 2147483647;
			files = (
			);
			runOnlyForDeploymentPostprocessing = 0;
		};
		44C47FAB2565F6D300713672 /* Resources */ = {
			isa = PBXResourcesBuildPhase;
			buildActionMask = 2147483647;
			files = (
			);
			runOnlyForDeploymentPostprocessing = 0;
		};
/* End PBXResourcesBuildPhase section */

/* Begin PBXShellScriptBuildPhase section */
		98700DC70ADF3F33CB1FF021 /* [CP] Embed Pods Frameworks */ = {
			isa = PBXShellScriptBuildPhase;
			buildActionMask = 2147483647;
			files = (
			);
			inputFileListPaths = (
				"${PODS_ROOT}/Target Support Files/Pods-Proxima/Pods-Proxima-frameworks-${CONFIGURATION}-input-files.xcfilelist",
			);
			name = "[CP] Embed Pods Frameworks";
			outputFileListPaths = (
				"${PODS_ROOT}/Target Support Files/Pods-Proxima/Pods-Proxima-frameworks-${CONFIGURATION}-output-files.xcfilelist",
			);
			runOnlyForDeploymentPostprocessing = 0;
			shellPath = /bin/sh;
			shellScript = "\"${PODS_ROOT}/Target Support Files/Pods-Proxima/Pods-Proxima-frameworks.sh\"\n";
			showEnvVarsInLog = 0;
		};
		E38BBA053B5A668B10AD4D55 /* [CP] Check Pods Manifest.lock */ = {
			isa = PBXShellScriptBuildPhase;
			buildActionMask = 2147483647;
			files = (
			);
			inputFileListPaths = (
			);
			inputPaths = (
				"${PODS_PODFILE_DIR_PATH}/Podfile.lock",
				"${PODS_ROOT}/Manifest.lock",
			);
			name = "[CP] Check Pods Manifest.lock";
			outputFileListPaths = (
			);
			outputPaths = (
				"$(DERIVED_FILE_DIR)/Pods-Proxima-checkManifestLockResult.txt",
			);
			runOnlyForDeploymentPostprocessing = 0;
			shellPath = /bin/sh;
			shellScript = "diff \"${PODS_PODFILE_DIR_PATH}/Podfile.lock\" \"${PODS_ROOT}/Manifest.lock\" > /dev/null\nif [ $? != 0 ] ; then\n    # print error to STDERR\n    echo \"error: The sandbox is not in sync with the Podfile.lock. Run 'pod install' or update your CocoaPods installation.\" >&2\n    exit 1\nfi\n# This output is used by Xcode 'outputs' to avoid re-running this script phase.\necho \"SUCCESS\" > \"${SCRIPT_OUTPUT_FILE_0}\"\n";
			showEnvVarsInLog = 0;
		};
/* End PBXShellScriptBuildPhase section */

/* Begin PBXSourcesBuildPhase section */
		44C47F882565F6D200713672 /* Sources */ = {
			isa = PBXSourcesBuildPhase;
			buildActionMask = 2147483647;
			files = (
				4473A491257C508F00C1BB96 /* LocationViewController.swift in Sources */,
				B29858AC256AB59200E87A7E /* LoginViewController.swift in Sources */,
				446E787925946FB900D0DEA7 /* FeedViewController.swift in Sources */,
				44704B2625B914A9009E11E7 /* InfoViewController.swift in Sources */,
				4409D34A25B7D55900AFBEA4 /* AccountSetupViewController.swift in Sources */,
				44C47F902565F6D200713672 /* AppDelegate.swift in Sources */,
				B2985895256AA41D00E87A7E /* FeedViewCell.swift in Sources */,
				44360CE52597E0AD00F1AA04 /* LeaderboardTableViewController.swift in Sources */,
				B29858B6256AB6EC00E87A7E /* LeaderboardCell.swift in Sources */,
				B27F67BF257436F500712650 /* ProfileViewController.swift in Sources */,
				44D782EF2575B5A700BFBEA5 /* AddLocationViewController.swift in Sources */,
				B27F67D12574592D00712650 /* LocationHorizontalCell.swift in Sources */,
				44C47F922565F6D200713672 /* SceneDelegate.swift in Sources */,
				4437AA56257CA15400A85F6A /* MapViewController.swift in Sources */,
			);
			runOnlyForDeploymentPostprocessing = 0;
		};
		44C47F9E2565F6D300713672 /* Sources */ = {
			isa = PBXSourcesBuildPhase;
			buildActionMask = 2147483647;
			files = (
				44C47FA72565F6D300713672 /* ProximaTests.swift in Sources */,
			);
			runOnlyForDeploymentPostprocessing = 0;
		};
		44C47FA92565F6D300713672 /* Sources */ = {
			isa = PBXSourcesBuildPhase;
			buildActionMask = 2147483647;
			files = (
				44C47FB22565F6D300713672 /* ProximaUITests.swift in Sources */,
			);
			runOnlyForDeploymentPostprocessing = 0;
		};
/* End PBXSourcesBuildPhase section */

/* Begin PBXTargetDependency section */
		44C47FA42565F6D300713672 /* PBXTargetDependency */ = {
			isa = PBXTargetDependency;
			target = 44C47F8B2565F6D200713672 /* Proxima */;
			targetProxy = 44C47FA32565F6D300713672 /* PBXContainerItemProxy */;
		};
		44C47FAF2565F6D300713672 /* PBXTargetDependency */ = {
			isa = PBXTargetDependency;
			target = 44C47F8B2565F6D200713672 /* Proxima */;
			targetProxy = 44C47FAE2565F6D300713672 /* PBXContainerItemProxy */;
		};
/* End PBXTargetDependency section */

/* Begin PBXVariantGroup section */
		44C47F952565F6D200713672 /* Main.storyboard */ = {
			isa = PBXVariantGroup;
			children = (
				44C47F962565F6D200713672 /* Base */,
			);
			name = Main.storyboard;
			sourceTree = "<group>";
		};
		44C47F9A2565F6D300713672 /* LaunchScreen.storyboard */ = {
			isa = PBXVariantGroup;
			children = (
				44C47F9B2565F6D300713672 /* Base */,
			);
			name = LaunchScreen.storyboard;
			sourceTree = "<group>";
		};
/* End PBXVariantGroup section */

/* Begin XCBuildConfiguration section */
		44C47FB42565F6D300713672 /* Debug */ = {
			isa = XCBuildConfiguration;
			buildSettings = {
				ALWAYS_SEARCH_USER_PATHS = NO;
				CLANG_ANALYZER_NONNULL = YES;
				CLANG_ANALYZER_NUMBER_OBJECT_CONVERSION = YES_AGGRESSIVE;
				CLANG_CXX_LANGUAGE_STANDARD = "gnu++14";
				CLANG_CXX_LIBRARY = "libc++";
				CLANG_ENABLE_MODULES = YES;
				CLANG_ENABLE_OBJC_ARC = YES;
				CLANG_ENABLE_OBJC_WEAK = YES;
				CLANG_WARN_BLOCK_CAPTURE_AUTORELEASING = YES;
				CLANG_WARN_BOOL_CONVERSION = YES;
				CLANG_WARN_COMMA = YES;
				CLANG_WARN_CONSTANT_CONVERSION = YES;
				CLANG_WARN_DEPRECATED_OBJC_IMPLEMENTATIONS = YES;
				CLANG_WARN_DIRECT_OBJC_ISA_USAGE = YES_ERROR;
				CLANG_WARN_DOCUMENTATION_COMMENTS = YES;
				CLANG_WARN_EMPTY_BODY = YES;
				CLANG_WARN_ENUM_CONVERSION = YES;
				CLANG_WARN_INFINITE_RECURSION = YES;
				CLANG_WARN_INT_CONVERSION = YES;
				CLANG_WARN_NON_LITERAL_NULL_CONVERSION = YES;
				CLANG_WARN_OBJC_IMPLICIT_RETAIN_SELF = YES;
				CLANG_WARN_OBJC_LITERAL_CONVERSION = YES;
				CLANG_WARN_OBJC_ROOT_CLASS = YES_ERROR;
				CLANG_WARN_QUOTED_INCLUDE_IN_FRAMEWORK_HEADER = YES;
				CLANG_WARN_RANGE_LOOP_ANALYSIS = YES;
				CLANG_WARN_STRICT_PROTOTYPES = YES;
				CLANG_WARN_SUSPICIOUS_MOVE = YES;
				CLANG_WARN_UNGUARDED_AVAILABILITY = YES_AGGRESSIVE;
				CLANG_WARN_UNREACHABLE_CODE = YES;
				CLANG_WARN__DUPLICATE_METHOD_MATCH = YES;
				COPY_PHASE_STRIP = NO;
				DEBUG_INFORMATION_FORMAT = dwarf;
				ENABLE_STRICT_OBJC_MSGSEND = YES;
				ENABLE_TESTABILITY = YES;
				GCC_C_LANGUAGE_STANDARD = gnu11;
				GCC_DYNAMIC_NO_PIC = NO;
				GCC_NO_COMMON_BLOCKS = YES;
				GCC_OPTIMIZATION_LEVEL = 0;
				GCC_PREPROCESSOR_DEFINITIONS = (
					"DEBUG=1",
					"$(inherited)",
				);
				GCC_WARN_64_TO_32_BIT_CONVERSION = YES;
				GCC_WARN_ABOUT_RETURN_TYPE = YES_ERROR;
				GCC_WARN_UNDECLARED_SELECTOR = YES;
				GCC_WARN_UNINITIALIZED_AUTOS = YES_AGGRESSIVE;
				GCC_WARN_UNUSED_FUNCTION = YES;
				GCC_WARN_UNUSED_VARIABLE = YES;
				IPHONEOS_DEPLOYMENT_TARGET = 14.2;
				MTL_ENABLE_DEBUG_INFO = INCLUDE_SOURCE;
				MTL_FAST_MATH = YES;
				ONLY_ACTIVE_ARCH = YES;
				SDKROOT = iphoneos;
				SWIFT_ACTIVE_COMPILATION_CONDITIONS = DEBUG;
				SWIFT_OPTIMIZATION_LEVEL = "-Onone";
			};
			name = Debug;
		};
		44C47FB52565F6D300713672 /* Release */ = {
			isa = XCBuildConfiguration;
			buildSettings = {
				ALWAYS_SEARCH_USER_PATHS = NO;
				CLANG_ANALYZER_NONNULL = YES;
				CLANG_ANALYZER_NUMBER_OBJECT_CONVERSION = YES_AGGRESSIVE;
				CLANG_CXX_LANGUAGE_STANDARD = "gnu++14";
				CLANG_CXX_LIBRARY = "libc++";
				CLANG_ENABLE_MODULES = YES;
				CLANG_ENABLE_OBJC_ARC = YES;
				CLANG_ENABLE_OBJC_WEAK = YES;
				CLANG_WARN_BLOCK_CAPTURE_AUTORELEASING = YES;
				CLANG_WARN_BOOL_CONVERSION = YES;
				CLANG_WARN_COMMA = YES;
				CLANG_WARN_CONSTANT_CONVERSION = YES;
				CLANG_WARN_DEPRECATED_OBJC_IMPLEMENTATIONS = YES;
				CLANG_WARN_DIRECT_OBJC_ISA_USAGE = YES_ERROR;
				CLANG_WARN_DOCUMENTATION_COMMENTS = YES;
				CLANG_WARN_EMPTY_BODY = YES;
				CLANG_WARN_ENUM_CONVERSION = YES;
				CLANG_WARN_INFINITE_RECURSION = YES;
				CLANG_WARN_INT_CONVERSION = YES;
				CLANG_WARN_NON_LITERAL_NULL_CONVERSION = YES;
				CLANG_WARN_OBJC_IMPLICIT_RETAIN_SELF = YES;
				CLANG_WARN_OBJC_LITERAL_CONVERSION = YES;
				CLANG_WARN_OBJC_ROOT_CLASS = YES_ERROR;
				CLANG_WARN_QUOTED_INCLUDE_IN_FRAMEWORK_HEADER = YES;
				CLANG_WARN_RANGE_LOOP_ANALYSIS = YES;
				CLANG_WARN_STRICT_PROTOTYPES = YES;
				CLANG_WARN_SUSPICIOUS_MOVE = YES;
				CLANG_WARN_UNGUARDED_AVAILABILITY = YES_AGGRESSIVE;
				CLANG_WARN_UNREACHABLE_CODE = YES;
				CLANG_WARN__DUPLICATE_METHOD_MATCH = YES;
				COPY_PHASE_STRIP = NO;
				DEBUG_INFORMATION_FORMAT = "dwarf-with-dsym";
				ENABLE_NS_ASSERTIONS = NO;
				ENABLE_STRICT_OBJC_MSGSEND = YES;
				GCC_C_LANGUAGE_STANDARD = gnu11;
				GCC_NO_COMMON_BLOCKS = YES;
				GCC_WARN_64_TO_32_BIT_CONVERSION = YES;
				GCC_WARN_ABOUT_RETURN_TYPE = YES_ERROR;
				GCC_WARN_UNDECLARED_SELECTOR = YES;
				GCC_WARN_UNINITIALIZED_AUTOS = YES_AGGRESSIVE;
				GCC_WARN_UNUSED_FUNCTION = YES;
				GCC_WARN_UNUSED_VARIABLE = YES;
				IPHONEOS_DEPLOYMENT_TARGET = 14.2;
				MTL_ENABLE_DEBUG_INFO = NO;
				MTL_FAST_MATH = YES;
				SDKROOT = iphoneos;
				SWIFT_COMPILATION_MODE = wholemodule;
				SWIFT_OPTIMIZATION_LEVEL = "-O";
				VALIDATE_PRODUCT = YES;
			};
			name = Release;
		};
		44C47FB72565F6D300713672 /* Debug */ = {
			isa = XCBuildConfiguration;
			baseConfigurationReference = A535E1B88D34273D271443B0 /* Pods-Proxima.debug.xcconfig */;
			buildSettings = {
				ASSETCATALOG_COMPILER_APPICON_NAME = AppIcon;
				ASSETCATALOG_COMPILER_GLOBAL_ACCENT_COLOR_NAME = AccentColor;
				CODE_SIGN_ENTITLEMENTS = Proxima/Proxima.entitlements;
				CODE_SIGN_STYLE = Automatic;
				DEVELOPMENT_TEAM = S96SLWHZ5C;
				INFOPLIST_FILE = Proxima/Info.plist;
				IPHONEOS_DEPLOYMENT_TARGET = 14.2;
				LD_RUNPATH_SEARCH_PATHS = (
					"$(inherited)",
					"@executable_path/Frameworks",
				);
				MARKETING_VERSION = 1.1.0;
				PRODUCT_BUNDLE_IDENTIFIER = dev.craigsmith.proxima;
				PRODUCT_NAME = "$(TARGET_NAME)";
				SWIFT_VERSION = 5.0;
				TARGETED_DEVICE_FAMILY = "1,2";
			};
			name = Debug;
		};
		44C47FB82565F6D300713672 /* Release */ = {
			isa = XCBuildConfiguration;
			baseConfigurationReference = 6DC43EEA21538EA559720F7A /* Pods-Proxima.release.xcconfig */;
			buildSettings = {
				ASSETCATALOG_COMPILER_APPICON_NAME = AppIcon;
				ASSETCATALOG_COMPILER_GLOBAL_ACCENT_COLOR_NAME = AccentColor;
				CODE_SIGN_ENTITLEMENTS = Proxima/Proxima.entitlements;
				CODE_SIGN_STYLE = Automatic;
				DEVELOPMENT_TEAM = S96SLWHZ5C;
				INFOPLIST_FILE = Proxima/Info.plist;
				IPHONEOS_DEPLOYMENT_TARGET = 14.2;
				LD_RUNPATH_SEARCH_PATHS = (
					"$(inherited)",
					"@executable_path/Frameworks",
				);
				MARKETING_VERSION = 1.1.0;
				PRODUCT_BUNDLE_IDENTIFIER = dev.craigsmith.proxima;
				PRODUCT_NAME = "$(TARGET_NAME)";
				SWIFT_VERSION = 5.0;
				TARGETED_DEVICE_FAMILY = "1,2";
			};
			name = Release;
		};
		44C47FBA2565F6D300713672 /* Debug */ = {
			isa = XCBuildConfiguration;
			buildSettings = {
				ALWAYS_EMBED_SWIFT_STANDARD_LIBRARIES = YES;
				BUNDLE_LOADER = "$(TEST_HOST)";
				CODE_SIGN_STYLE = Automatic;
				INFOPLIST_FILE = ProximaTests/Info.plist;
				IPHONEOS_DEPLOYMENT_TARGET = 14.2;
				LD_RUNPATH_SEARCH_PATHS = (
					"$(inherited)",
					"@executable_path/Frameworks",
					"@loader_path/Frameworks",
				);
				PRODUCT_BUNDLE_IDENTIFIER = proxima.ProximaTests;
				PRODUCT_NAME = "$(TARGET_NAME)";
				SWIFT_VERSION = 5.0;
				TARGETED_DEVICE_FAMILY = "1,2";
				TEST_HOST = "$(BUILT_PRODUCTS_DIR)/Proxima.app/Proxima";
			};
			name = Debug;
		};
		44C47FBB2565F6D300713672 /* Release */ = {
			isa = XCBuildConfiguration;
			buildSettings = {
				ALWAYS_EMBED_SWIFT_STANDARD_LIBRARIES = YES;
				BUNDLE_LOADER = "$(TEST_HOST)";
				CODE_SIGN_STYLE = Automatic;
				INFOPLIST_FILE = ProximaTests/Info.plist;
				IPHONEOS_DEPLOYMENT_TARGET = 14.2;
				LD_RUNPATH_SEARCH_PATHS = (
					"$(inherited)",
					"@executable_path/Frameworks",
					"@loader_path/Frameworks",
				);
				PRODUCT_BUNDLE_IDENTIFIER = proxima.ProximaTests;
				PRODUCT_NAME = "$(TARGET_NAME)";
				SWIFT_VERSION = 5.0;
				TARGETED_DEVICE_FAMILY = "1,2";
				TEST_HOST = "$(BUILT_PRODUCTS_DIR)/Proxima.app/Proxima";
			};
			name = Release;
		};
		44C47FBD2565F6D300713672 /* Debug */ = {
			isa = XCBuildConfiguration;
			buildSettings = {
				ALWAYS_EMBED_SWIFT_STANDARD_LIBRARIES = YES;
				CODE_SIGN_STYLE = Automatic;
				INFOPLIST_FILE = ProximaUITests/Info.plist;
				LD_RUNPATH_SEARCH_PATHS = (
					"$(inherited)",
					"@executable_path/Frameworks",
					"@loader_path/Frameworks",
				);
				PRODUCT_BUNDLE_IDENTIFIER = proxima.ProximaUITests;
				PRODUCT_NAME = "$(TARGET_NAME)";
				SWIFT_VERSION = 5.0;
				TARGETED_DEVICE_FAMILY = "1,2";
				TEST_TARGET_NAME = Proxima;
			};
			name = Debug;
		};
		44C47FBE2565F6D300713672 /* Release */ = {
			isa = XCBuildConfiguration;
			buildSettings = {
				ALWAYS_EMBED_SWIFT_STANDARD_LIBRARIES = YES;
				CODE_SIGN_STYLE = Automatic;
				INFOPLIST_FILE = ProximaUITests/Info.plist;
				LD_RUNPATH_SEARCH_PATHS = (
					"$(inherited)",
					"@executable_path/Frameworks",
					"@loader_path/Frameworks",
				);
				PRODUCT_BUNDLE_IDENTIFIER = proxima.ProximaUITests;
				PRODUCT_NAME = "$(TARGET_NAME)";
				SWIFT_VERSION = 5.0;
				TARGETED_DEVICE_FAMILY = "1,2";
				TEST_TARGET_NAME = Proxima;
			};
			name = Release;
		};
/* End XCBuildConfiguration section */

/* Begin XCConfigurationList section */
		44C47F872565F6D200713672 /* Build configuration list for PBXProject "Proxima" */ = {
			isa = XCConfigurationList;
			buildConfigurations = (
				44C47FB42565F6D300713672 /* Debug */,
				44C47FB52565F6D300713672 /* Release */,
			);
			defaultConfigurationIsVisible = 0;
			defaultConfigurationName = Release;
		};
		44C47FB62565F6D300713672 /* Build configuration list for PBXNativeTarget "Proxima" */ = {
			isa = XCConfigurationList;
			buildConfigurations = (
				44C47FB72565F6D300713672 /* Debug */,
				44C47FB82565F6D300713672 /* Release */,
			);
			defaultConfigurationIsVisible = 0;
			defaultConfigurationName = Release;
		};
		44C47FB92565F6D300713672 /* Build configuration list for PBXNativeTarget "ProximaTests" */ = {
			isa = XCConfigurationList;
			buildConfigurations = (
				44C47FBA2565F6D300713672 /* Debug */,
				44C47FBB2565F6D300713672 /* Release */,
			);
			defaultConfigurationIsVisible = 0;
			defaultConfigurationName = Release;
		};
		44C47FBC2565F6D300713672 /* Build configuration list for PBXNativeTarget "ProximaUITests" */ = {
			isa = XCConfigurationList;
			buildConfigurations = (
				44C47FBD2565F6D300713672 /* Debug */,
				44C47FBE2565F6D300713672 /* Release */,
			);
			defaultConfigurationIsVisible = 0;
			defaultConfigurationName = Release;
		};
/* End XCConfigurationList section */
	};
	rootObject = 44C47F842565F6D200713672 /* Project object */;
}
